
Microsoft Visual Studio Solution File, Format Version 12.00
# Visual Studio 15
VisualStudioVersion = 15.0.28307.421
MinimumVisualStudioVersion = 10.0.40219.1
Project("{FAE04EC0-301F-11D3-BF4B-00C04F79EFBC}") = "Refracto", "Refracto\Refracto.csproj", "{6B466EC9-E0F1-4E5B-8555-8781FBC5CA2B}"
EndProject
Project("{FAE04EC0-301F-11D3-BF4B-00C04F79EFBC}") = "Refracto.Services", "Refracto.Services\Refracto.Services.csproj", "{9B7A48E2-62E5-4C03-BC5B-EADEA60D6C4B}"
EndProject
Project("{FAE04EC0-301F-11D3-BF4B-00C04F79EFBC}") = "Refracto.Data", "Refracto.Data\Refracto.Data.csproj", "{EA0C7048-82AE-4C20-B384-5AD03709FDAA}"
EndProject
Project("{FAE04EC0-301F-11D3-BF4B-00C04F79EFBC}") = "Refracto.Acquisition", "Refracto.Acquisition\Refracto.Acquisition.csproj", "{73CFA191-4E7F-426E-B285-87067E9D2696}"
EndProject
Global
	GlobalSection(SolutionConfigurationPlatforms) = preSolution
		Debug|Any CPU = Debug|Any CPU
		Release|Any CPU = Release|Any CPU
	EndGlobalSection
	GlobalSection(ProjectConfigurationPlatforms) = postSolution
		{6B466EC9-E0F1-4E5B-8555-8781FBC5CA2B}.Debug|Any CPU.ActiveCfg = Debug|Any CPU
		{6B466EC9-E0F1-4E5B-8555-8781FBC5CA2B}.Debug|Any CPU.Build.0 = Debug|Any CPU
		{6B466EC9-E0F1-4E5B-8555-8781FBC5CA2B}.Release|Any CPU.ActiveCfg = Release|Any CPU
		{6B466EC9-E0F1-4E5B-8555-8781FBC5CA2B}.Release|Any CPU.Build.0 = Release|Any CPU
		{9B7A48E2-62E5-4C03-BC5B-EADEA60D6C4B}.Debug|Any CPU.ActiveCfg = Debug|Any CPU
		{9B7A48E2-62E5-4C03-BC5B-EADEA60D6C4B}.Debug|Any CPU.Build.0 = Debug|Any CPU
		{9B7A48E2-62E5-4C03-BC5B-EADEA60D6C4B}.Release|Any CPU.ActiveCfg = Release|Any CPU
		{9B7A48E2-62E5-4C03-BC5B-EADEA60D6C4B}.Release|Any CPU.Build.0 = Release|Any CPU
		{EA0C7048-82AE-4C20-B384-5AD03709FDAA}.Debug|Any CPU.ActiveCfg = Debug|Any CPU
		{EA0C7048-82AE-4C20-B384-5AD03709FDAA}.Debug|Any CPU.Build.0 = Debug|Any CPU
		{EA0C7048-82AE-4C20-B384-5AD03709FDAA}.Release|Any CPU.ActiveCfg = Release|Any CPU
		{EA0C7048-82AE-4C20-B384-5AD03709FDAA}.Release|Any CPU.Build.0 = Release|Any CPU
		{73CFA191-4E7F-426E-B285-87067E9D2696}.Debug|Any CPU.ActiveCfg = Debug|Any CPU
		{73CFA191-4E7F-426E-B285-87067E9D2696}.Debug|Any CPU.Build.0 = Debug|Any CPU
		{73CFA191-4E7F-426E-B285-87067E9D2696}.Release|Any CPU.ActiveCfg = Release|Any CPU
		{73CFA191-4E7F-426E-B285-87067E9D2696}.Release|Any CPU.Build.0 = Release|Any CPU
	EndGlobalSection
	GlobalSection(SolutionProperties) = preSolution
		HideSolutionNode = FALSE
	EndGlobalSection
	GlobalSection(ExtensibilityGlobals) = postSolution
		SolutionGuid = {9E9FFA1F-4D92-4EA5-81DB-CE3C5E25A29A}
	EndGlobalSection
EndGlobal
